
Microsoft Visual Studio Solution File, Format Version 12.00
# Visual Studio Version 17
VisualStudioVersion = 17.4.33205.214
MinimumVisualStudioVersion = 10.0.40219.1
Project("{FAE04EC0-301F-11D3-BF4B-00C04F79EFBC}") = "OOP_Fundamentals", "OOP_Fundamentals\OOP_Fundamentals.csproj", "{9122DBD7-1B71-4D3B-9BE0-CA4DC46E5D68}"
EndProject
Project("{FAE04EC0-301F-11D3-BF4B-00C04F79EFBC}") = "Project_Library", "Project_Library\Project_Library.csproj", "{C7DACA62-8684-4232-8D5E-7CE0B536A179}"
EndProject
Global
	GlobalSection(SolutionConfigurationPlatforms) = preSolution
		Debug|Any CPU = Debug|Any CPU
		Release|Any CPU = Release|Any CPU
	EndGlobalSection
	GlobalSection(ProjectConfigurationPlatforms) = postSolution
		{9122DBD7-1B71-4D3B-9BE0-CA4DC46E5D68}.Debug|Any CPU.ActiveCfg = Debug|Any CPU
		{9122DBD7-1B71-4D3B-9BE0-CA4DC46E5D68}.Debug|Any CPU.Build.0 = Debug|Any CPU
		{9122DBD7-1B71-4D3B-9BE0-CA4DC46E5D68}.Release|Any CPU.ActiveCfg = Release|Any CPU
		{9122DBD7-1B71-4D3B-9BE0-CA4DC46E5D68}.Release|Any CPU.Build.0 = Release|Any CPU
		{C7DACA62-8684-4232-8D5E-7CE0B536A179}.Debug|Any CPU.ActiveCfg = Debug|Any CPU
		{C7DACA62-8684-4232-8D5E-7CE0B536A179}.Debug|Any CPU.Build.0 = Debug|Any CPU
		{C7DACA62-8684-4232-8D5E-7CE0B536A179}.Release|Any CPU.ActiveCfg = Release|Any CPU
		{C7DACA62-8684-4232-8D5E-7CE0B536A179}.Release|Any CPU.Build.0 = Release|Any CPU
	EndGlobalSection
	GlobalSection(SolutionProperties) = preSolution
		HideSolutionNode = FALSE
	EndGlobalSection
	GlobalSection(ExtensibilityGlobals) = postSolution
		SolutionGuid = {5F76E708-5059-4A0D-8F33-07250D2DCCC0}
	EndGlobalSection
EndGlobal
